# This file is autogenerated, do not edit; changes may be undone by the next 'dep ensure'.


[[projects]]
  branch = "master"
  digest = "1:7a9140c806333a78122763d08ec6c0d7358c7fff1df8cfbb01881c5dc46e24e5"
  name = "github.com/armon/go-metrics"
  packages = ["."]
  pruneopts = "UT"
  revision = "ec5e00d3c878b2a97bbe0884ef45ffd1b4f669f5"

[[projects]]
  digest = "1:d6afaeed1502aa28e80a4ed0981d570ad91b2579193404256ce672ed0a609e0d"
  name = "github.com/beorn7/perks"
  packages = ["quantile"]
  pruneopts = "UT"
  revision = "4b2b341e8d7715fae06375aa633dbb6e91b3fb46"
  version = "v1.0.0"

[[projects]]
  digest = "1:c950e574951c7199fb3d990d0e7a61996f40f8e646ba7cf8a557878d4c737f53"
  name = "github.com/go-redis/redis"
  packages = [
    ".",
    "internal",
    "internal/consistenthash",
    "internal/hashtag",
    "internal/pool",
    "internal/proto",
    "internal/util",
  ]
  pruneopts = "UT"
  revision = "75795aa4236dc7341eefac3bbe945e68c99ef9df"
  version = "v6.15.3"

[[projects]]
  digest = "1:2ea8f8273a5f766f9d6f8d8d28949dd505a0d56377a5a2b0d986a991a9aa98ff"
  name = "github.com/go-redis/redis_rate"
  packages = ["."]
  pruneopts = "UT"
  revision = "31124b3ea0f4403d26bb09997338e5c78828cf99"
  version = "v6.5.0"

[[projects]]
  digest = "1:318f1c959a8a740366fce4b1e1eb2fd914036b4af58fbd0a003349b305f118ad"
  name = "github.com/golang/protobuf"
  packages = ["proto"]
  pruneopts = "UT"
  revision = "b5d812f8a3706043e23a9cd5babf2e5423744d30"
  version = "v1.3.1"

[[projects]]
  digest = "1:3db4f016af6ec500e79f6987c6ad284143b21effd504a2a8462be6c41b8198f5"
  name = "github.com/hashicorp/consul"
  packages = ["api"]
  pruneopts = "UT"
  revision = "40cec98468b829e5cdaacb0629b3e23a028db688"
  version = "v1.5.1"

[[projects]]
  digest = "1:af105c7c5dc0b4ae41991f122cae860b9600f7d226072c2a83127048c991660c"
  name = "github.com/hashicorp/go-cleanhttp"
  packages = ["."]
  pruneopts = "UT"
  revision = "eda1e5db218aad1db63ca4642c8906b26bcf2744"
  version = "v0.5.1"

[[projects]]
  digest = "1:6e9806a06d00f4d1f90806d7b5cfb11e35dca76503390ca6e704b05ea7051bff"
  name = "github.com/hashicorp/go-immutable-radix"
  packages = ["."]
  pruneopts = "UT"
  revision = "7dd1121b595e4e1bd6dd5caa78e0f5c454740379"
  version = "v1.1.0"

[[projects]]
  digest = "1:a54ada9beb59fdc35b69322979e870ff0b780e03f4dc309c4c8674b94927df75"
  name = "github.com/hashicorp/go-rootcerts"
  packages = ["."]
  pruneopts = "UT"
  revision = "63503fb4e1eca22f9ae0f90b49c5d5538a0e87eb"
  version = "v1.0.0"

[[projects]]
  digest = "1:67474f760e9ac3799f740db2c489e6423a4cde45520673ec123ac831ad849cb8"
  name = "github.com/hashicorp/golang-lru"
  packages = ["simplelru"]
  pruneopts = "UT"
  revision = "7087cb70de9f7a8bc0a10c375cb0d2280a8edf9c"
  version = "v0.5.1"

[[projects]]
  digest = "1:acc81e4e4289587b257ccdfccbc6eaf16d4c2fb57dda73c6bb349bf50f02501f"
  name = "github.com/hashicorp/serf"
  packages = ["coordinate"]
  pruneopts = "UT"
  revision = "15cfd05de3dffb3664aa37b06e91f970b825e380"
  version = "v0.8.3"

[[projects]]
  digest = "1:31e761d97c76151dde79e9d28964a812c46efc5baee4085b86f68f0c654450de"
  name = "github.com/konsorten/go-windows-terminal-sequences"
  packages = ["."]
  pruneopts = "UT"
  revision = "f55edac94c9bbba5d6182a4be46d86a2c9b5b50e"
  version = "v1.0.2"

[[projects]]
  digest = "1:ff5ebae34cfbf047d505ee150de27e60570e8c394b3b8fdbb720ff6ac71985fc"
  name = "github.com/matttproud/golang_protobuf_extensions"
  packages = ["pbutil"]
  pruneopts = "UT"
  revision = "c12348ce28de40eed0136aa2b644d0ee0650e56c"
  version = "v1.0.1"

[[projects]]
  digest = "1:5d231480e1c64a726869bc4142d270184c419749d34f167646baa21008eb0a79"
  name = "github.com/mitchellh/go-homedir"
  packages = ["."]
  pruneopts = "UT"
  revision = "af06845cf3004701891bf4fdb884bfe4920b3727"
  version = "v1.1.0"

[[projects]]
  digest = "1:53bc4cd4914cd7cd52139990d5170d6dc99067ae31c56530621b18b35fc30318"
  name = "github.com/mitchellh/mapstructure"
  packages = ["."]
  pruneopts = "UT"
  revision = "3536a929edddb9a5b34bd6861dc4a9647cb459fe"
  version = "v1.1.2"

[[projects]]
  digest = "1:7233f2b1f864831a729ca0d48e84081ac8b4ce040a5aad3b394c421a7a0405cb"
  name = "github.com/paulbellamy/ratecounter"
  packages = ["."]
  pruneopts = "UT"
  revision = "524851a93235ac051e3540563ed7909357fe24ab"
  version = "v0.2.0"

[[projects]]
  digest = "1:0de31727c88e9f4a4ae70c28b6caa27f39b25788daf2dc4f7406013421228144"
  name = "github.com/prometheus/client_golang"
  packages = [
    "prometheus",
    "prometheus/internal",
    "prometheus/promhttp",
  ]
  pruneopts = "UT"
  revision = "50c4339db732beb2165735d2cde0bff78eb3c5a5"
  version = "v0.9.3"

[[projects]]
  branch = "master"
  digest = "1:2d5cd61daa5565187e1d96bae64dbbc6080dacf741448e9629c64fd93203b0d4"
  name = "github.com/prometheus/client_model"
  packages = ["go"]
  pruneopts = "UT"
  revision = "fd36f4220a901265f90734c3183c5f0c91daa0b8"

[[projects]]
  digest = "1:35cf6bdf68db765988baa9c4f10cc5d7dda1126a54bd62e252dbcd0b1fc8da90"
  name = "github.com/prometheus/common"
  packages = [
    "expfmt",
    "internal/bitbucket.org/ww/goautoneg",
    "model",
  ]
  pruneopts = "UT"
  revision = "1ba88736f028e37bc17328369e94a537ae9e0234"
  version = "v0.4.0"

[[projects]]
  branch = "master"
  digest = "1:b4e48c7af197047d85fad1874951a927084c5be9ef686911258f78f52101d93a"
  name = "github.com/prometheus/procfs"
  packages = [
    ".",
    "internal/fs",
  ]
  pruneopts = "UT"
  revision = "9935e8e0588d26307d1d4a07bed7bd47271b6bbd"

[[projects]]
  digest = "1:04457f9f6f3ffc5fea48e71d62f2ca256637dee0a04d710288e27e05c8b41976"
  name = "github.com/sirupsen/logrus"
  packages = ["."]
  pruneopts = "UT"
  revision = "839c75faf7f98a33d445d181f3018b5c3409a45e"
  version = "v1.4.2"

[[projects]]
  branch = "master"
  digest = "1:3851a6d548ec5a808e396408f03a30b8d05ef4426db7ad8688f639b2d88b47bd"
  name = "golang.org/x/sys"
  packages = ["unix"]
  pruneopts = "UT"
  revision = "61b9204099cb1bebc803c9ffb9b2d3acd9d457d9"

[[projects]]
  branch = "master"
  digest = "1:9fdc2b55e8e0fafe4b41884091e51e77344f7dc511c5acedcfd98200003bff90"
  name = "golang.org/x/time"
  packages = ["rate"]
  pruneopts = "UT"
  revision = "9d24e82272b4f38b78bc8cff74fa936d31ccd8ef"

[solve-meta]
  analyzer-name = "dep"
  analyzer-version = 1
  input-imports = [
    "github.com/go-redis/redis",
    "github.com/go-redis/redis_rate",
    "github.com/hashicorp/consul/api",
    "github.com/paulbellamy/ratecounter",
    "github.com/prometheus/client_golang/prometheus",
    "github.com/prometheus/client_golang/prometheus/promhttp",
    "github.com/sirupsen/logrus",
    "golang.org/x/time/rate",
  ]
  solver-name = "gps-cdcl"
  solver-version = 1
